
Microsoft Visual Studio Solution File, Format Version 12.00
# Visual Studio Version 17
VisualStudioVersion = 17.5.002.0
MinimumVisualStudioVersion = 10.0.40219.1
Project("{9A19103F-16F7-4668-BE54-9A1E7A4F7556}") = "ExemploFundamentos", "ExemploFundamentos.csproj", "{EBE922C4-BAEA-47F8-BE81-C8A3BBD25C4D}"
EndProject
Global
	GlobalSection(SolutionConfigurationPlatforms) = preSolution
		Debug|Any CPU = Debug|Any CPU
		Release|Any CPU = Release|Any CPU
	EndGlobalSection
	GlobalSection(ProjectConfigurationPlatforms) = postSolution
		{EBE922C4-BAEA-47F8-BE81-C8A3BBD25C4D}.Debug|Any CPU.ActiveCfg = Debug|Any CPU
		{EBE922C4-BAEA-47F8-BE81-C8A3BBD25C4D}.Debug|Any CPU.Build.0 = Debug|Any CPU
		{EBE922C4-BAEA-47F8-BE81-C8A3BBD25C4D}.Release|Any CPU.ActiveCfg = Release|Any CPU
		{EBE922C4-BAEA-47F8-BE81-C8A3BBD25C4D}.Release|Any CPU.Build.0 = Release|Any CPU
	EndGlobalSection
	GlobalSection(SolutionProperties) = preSolution
		HideSolutionNode = FALSE
	EndGlobalSection
	GlobalSection(ExtensibilityGlobals) = postSolution
		SolutionGuid = {D835E278-4940-446B-98DE-21163D13202E}
	EndGlobalSection
EndGlobal
